
Microsoft Visual Studio Solution File, Format Version 12.00
# Visual Studio Version 17
VisualStudioVersion = 17.9.34622.214
MinimumVisualStudioVersion = 10.0.40219.1
Project("{FAE04EC0-301F-11D3-BF4B-00C04F79EFBC}") = "billing", "billing\billing.csproj", "{99EAAC6D-C31D-42B5-BBD8-64C6DF85157C}"
EndProject
Global
	GlobalSection(SolutionConfigurationPlatforms) = preSolution
		Debug|Any CPU = Debug|Any CPU
		Release|Any CPU = Release|Any CPU
	EndGlobalSection
	GlobalSection(ProjectConfigurationPlatforms) = postSolution
		{99EAAC6D-C31D-42B5-BBD8-64C6DF85157C}.Debug|Any CPU.ActiveCfg = Debug|Any CPU
		{99EAAC6D-C31D-42B5-BBD8-64C6DF85157C}.Debug|Any CPU.Build.0 = Debug|Any CPU
		{99EAAC6D-C31D-42B5-BBD8-64C6DF85157C}.Release|Any CPU.ActiveCfg = Release|Any CPU
		{99EAAC6D-C31D-42B5-BBD8-64C6DF85157C}.Release|Any CPU.Build.0 = Release|Any CPU
	EndGlobalSection
	GlobalSection(SolutionProperties) = preSolution
		HideSolutionNode = FALSE
	EndGlobalSection
	GlobalSection(ExtensibilityGlobals) = postSolution
		SolutionGuid = {FB3CEC3A-CC13-4886-9B57-327130DFDF4A}
	EndGlobalSection
EndGlobal
